// !$*UTF8*$!
{
	archiveVersion = 1;
	classes = {
	};
	objectVersion = 46;
	objects = {

/* Begin PBXBuildFile section */
		E423F70317F2398C0091DC22 /* Foundation.framework in Frameworks */ = {isa = PBXBuildFile; fileRef = E423F70217F2398C0091DC22 /* Foundation.framework */; };
		E423F70517F2398C0091DC22 /* CoreGraphics.framework in Frameworks */ = {isa = PBXBuildFile; fileRef = E423F70417F2398C0091DC22 /* CoreGraphics.framework */; };
		E423F70717F2398C0091DC22 /* UIKit.framework in Frameworks */ = {isa = PBXBuildFile; fileRef = E423F70617F2398C0091DC22 /* UIKit.framework */; };
		E423F70D17F2398C0091DC22 /* InfoPlist.strings in Resources */ = {isa = PBXBuildFile; fileRef = E423F70B17F2398C0091DC22 /* InfoPlist.strings */; };
		E423F70F17F2398C0091DC22 /* main.m in Sources */ = {isa = PBXBuildFile; fileRef = E423F70E17F2398C0091DC22 /* main.m */; };
		E423F71317F2398C0091DC22 /* AppDelegate.m in Sources */ = {isa = PBXBuildFile; fileRef = E423F71217F2398C0091DC22 /* AppDelegate.m */; };
		E423F71617F2398D0091DC22 /* Main.storyboard in Resources */ = {isa = PBXBuildFile; fileRef = E423F71417F2398D0091DC22 /* Main.storyboard */; };
		E423F71917F2398D0091DC22 /* ViewController.m in Sources */ = {isa = PBXBuildFile; fileRef = E423F71817F2398D0091DC22 /* ViewController.m */; };
		E423F71B17F2398D0091DC22 /* Images.xcassets in Resources */ = {isa = PBXBuildFile; fileRef = E423F71A17F2398D0091DC22 /* Images.xcassets */; };
		E423F72217F2398D0091DC22 /* XCTest.framework in Frameworks */ = {isa = PBXBuildFile; fileRef = E423F72117F2398D0091DC22 /* XCTest.framework */; };
		E423F72317F2398D0091DC22 /* Foundation.framework in Frameworks */ = {isa = PBXBuildFile; fileRef = E423F70217F2398C0091DC22 /* Foundation.framework */; };
		E423F72417F2398D0091DC22 /* UIKit.framework in Frameworks */ = {isa = PBXBuildFile; fileRef = E423F70617F2398C0091DC22 /* UIKit.framework */; };
		E423F72C17F2398D0091DC22 /* InfoPlist.strings in Resources */ = {isa = PBXBuildFile; fileRef = E423F72A17F2398D0091DC22 /* InfoPlist.strings */; };
		E423F72E17F2398D0091DC22 /* To_Do_ListTests.m in Sources */ = {isa = PBXBuildFile; fileRef = E423F72D17F2398D0091DC22 /* To_Do_ListTests.m */; };
		E423F73C17F23F370091DC22 /* ToDo.m in Sources */ = {isa = PBXBuildFile; fileRef = E423F73B17F23F370091DC22 /* ToDo.m */; };
/* End PBXBuildFile section */

/* Begin PBXContainerItemProxy section */
		E423F72517F2398D0091DC22 /* PBXContainerItemProxy */ = {
			isa = PBXContainerItemProxy;
			containerPortal = E423F6F717F2398C0091DC22 /* Project object */;
			proxyType = 1;
			remoteGlobalIDString = E423F6FE17F2398C0091DC22;
			remoteInfo = "To-Do List";
		};
/* End PBXContainerItemProxy section */

/* Begin PBXFileReference section */
		E423F6FF17F2398C0091DC22 /* To-Do List.app */ = {isa = PBXFileReference; explicitFileType = wrapper.application; includeInIndex = 0; path = "To-Do List.app"; sourceTree = BUILT_PRODUCTS_DIR; };
		E423F70217F2398C0091DC22 /* Foundation.framework */ = {isa = PBXFileReference; lastKnownFileType = wrapper.framework; name = Foundation.framework; path = System/Library/Frameworks/Foundation.framework; sourceTree = SDKROOT; };
		E423F70417F2398C0091DC22 /* CoreGraphics.framework */ = {isa = PBXFileReference; lastKnownFileType = wrapper.framework; name = CoreGraphics.framework; path = System/Library/Frameworks/CoreGraphics.framework; sourceTree = SDKROOT; };
		E423F70617F2398C0091DC22 /* UIKit.framework */ = {isa = PBXFileReference; lastKnownFileType = wrapper.framework; name = UIKit.framework; path = System/Library/Frameworks/UIKit.framework; sourceTree = SDKROOT; };
		E423F70A17F2398C0091DC22 /* To-Do List-Info.plist */ = {isa = PBXFileReference; lastKnownFileType = text.plist.xml; path = "To-Do List-Info.plist"; sourceTree = "<group>"; };
		E423F70C17F2398C0091DC22 /* en */ = {isa = PBXFileReference; lastKnownFileType = text.plist.strings; name = en; path = en.lproj/InfoPlist.strings; sourceTree = "<group>"; };
		E423F70E17F2398C0091DC22 /* main.m */ = {isa = PBXFileReference; lastKnownFileType = sourcecode.c.objc; path = main.m; sourceTree = "<group>"; };
		E423F71017F2398C0091DC22 /* To-Do List-Prefix.pch */ = {isa = PBXFileReference; lastKnownFileType = sourcecode.c.h; path = "To-Do List-Prefix.pch"; sourceTree = "<group>"; };
		E423F71117F2398C0091DC22 /* AppDelegate.h */ = {isa = PBXFileReference; lastKnownFileType = sourcecode.c.h; path = AppDelegate.h; sourceTree = "<group>"; };
		E423F71217F2398C0091DC22 /* AppDelegate.m */ = {isa = PBXFileReference; lastKnownFileType = sourcecode.c.objc; path = AppDelegate.m; sourceTree = "<group>"; };
		E423F71517F2398D0091DC22 /* Base */ = {isa = PBXFileReference; lastKnownFileType = file.storyboard; name = Base; path = Base.lproj/Main.storyboard; sourceTree = "<group>"; };
		E423F71717F2398D0091DC22 /* ViewController.h */ = {isa = PBXFileReference; lastKnownFileType = sourcecode.c.h; path = ViewController.h; sourceTree = "<group>"; };
		E423F71817F2398D0091DC22 /* ViewController.m */ = {isa = PBXFileReference; lastKnownFileType = sourcecode.c.objc; path = ViewController.m; sourceTree = "<group>"; };
		E423F71A17F2398D0091DC22 /* Images.xcassets */ = {isa = PBXFileReference; lastKnownFileType = folder.assetcatalog; path = Images.xcassets; sourceTree = "<group>"; };
		E423F72017F2398D0091DC22 /* To-Do ListTests.xctest */ = {isa = PBXFileReference; explicitFileType = wrapper.cfbundle; includeInIndex = 0; path = "To-Do ListTests.xctest"; sourceTree = BUILT_PRODUCTS_DIR; };
		E423F72117F2398D0091DC22 /* XCTest.framework */ = {isa = PBXFileReference; lastKnownFileType = wrapper.framework; name = XCTest.framework; path = Library/Frameworks/XCTest.framework; sourceTree = DEVELOPER_DIR; };
		E423F72917F2398D0091DC22 /* To-Do ListTests-Info.plist */ = {isa = PBXFileReference; lastKnownFileType = text.plist.xml; path = "To-Do ListTests-Info.plist"; sourceTree = "<group>"; };
		E423F72B17F2398D0091DC22 /* en */ = {isa = PBXFileReference; lastKnownFileType = text.plist.strings; name = en; path = en.lproj/InfoPlist.strings; sourceTree = "<group>"; };
		E423F72D17F2398D0091DC22 /* To_Do_ListTests.m */ = {isa = PBXFileReference; lastKnownFileType = sourcecode.c.objc; path = To_Do_ListTests.m; sourceTree = "<group>"; };
		E423F73A17F23F370091DC22 /* ToDo.h */ = {isa = PBXFileReference; fileEncoding = 4; lastKnownFileType = sourcecode.c.h; path = ToDo.h; sourceTree = "<group>"; };
		E423F73B17F23F370091DC22 /* ToDo.m */ = {isa = PBXFileReference; fileEncoding = 4; lastKnownFileType = sourcecode.c.objc; path = ToDo.m; sourceTree = "<group>"; };
/* End PBXFileReference section */

/* Begin PBXFrameworksBuildPhase section */
		E423F6FC17F2398C0091DC22 /* Frameworks */ = {
			isa = PBXFrameworksBuildPhase;
			buildActionMask = 2147483647;
			files = (
				E423F70517F2398C0091DC22 /* CoreGraphics.framework in Frameworks */,
				E423F70717F2398C0091DC22 /* UIKit.framework in Frameworks */,
				E423F70317F2398C0091DC22 /* Foundation.framework in Frameworks */,
			);
			runOnlyForDeploymentPostprocessing = 0;
		};
		E423F71D17F2398D0091DC22 /* Frameworks */ = {
			isa = PBXFrameworksBuildPhase;
			buildActionMask = 2147483647;
			files = (
				E423F72217F2398D0091DC22 /* XCTest.framework in Frameworks */,
				E423F72417F2398D0091DC22 /* UIKit.framework in Frameworks */,
				E423F72317F2398D0091DC22 /* Foundation.framework in Frameworks */,
			);
			runOnlyForDeploymentPostprocessing = 0;
		};
/* End PBXFrameworksBuildPhase section */

/* Begin PBXGroup section */
		E423F6F617F2398C0091DC22 = {
			isa = PBXGroup;
			children = (
				E423F70817F2398C0091DC22 /* To-Do List */,
				E423F72717F2398D0091DC22 /* To-Do ListTests */,
				E423F70117F2398C0091DC22 /* Frameworks */,
				E423F70017F2398C0091DC22 /* Products */,
			);
			sourceTree = "<group>";
		};
		E423F70017F2398C0091DC22 /* Products */ = {
			isa = PBXGroup;
			children = (
				E423F6FF17F2398C0091DC22 /* To-Do List.app */,
				E423F72017F2398D0091DC22 /* To-Do ListTests.xctest */,
			);
			name = Products;
			sourceTree = "<group>";
		};
		E423F70117F2398C0091DC22 /* Frameworks */ = {
			isa = PBXGroup;
			children = (
				E423F70217F2398C0091DC22 /* Foundation.framework */,
				E423F70417F2398C0091DC22 /* CoreGraphics.framework */,
				E423F70617F2398C0091DC22 /* UIKit.framework */,
				E423F72117F2398D0091DC22 /* XCTest.framework */,
			);
			name = Frameworks;
			sourceTree = "<group>";
		};
		E423F70817F2398C0091DC22 /* To-Do List */ = {
			isa = PBXGroup;
			children = (
				E423F71117F2398C0091DC22 /* AppDelegate.h */,
				E423F71217F2398C0091DC22 /* AppDelegate.m */,
				E423F73A17F23F370091DC22 /* ToDo.h */,
				E423F73B17F23F370091DC22 /* ToDo.m */,
				E423F71417F2398D0091DC22 /* Main.storyboard */,
				E423F71717F2398D0091DC22 /* ViewController.h */,
				E423F71817F2398D0091DC22 /* ViewController.m */,
				E423F71A17F2398D0091DC22 /* Images.xcassets */,
				E423F70917F2398C0091DC22 /* Supporting Files */,
			);
			path = "To-Do List";
			sourceTree = "<group>";
		};
		E423F70917F2398C0091DC22 /* Supporting Files */ = {
			isa = PBXGroup;
			children = (
				E423F70A17F2398C0091DC22 /* To-Do List-Info.plist */,
				E423F70B17F2398C0091DC22 /* InfoPlist.strings */,
				E423F70E17F2398C0091DC22 /* main.m */,
				E423F71017F2398C0091DC22 /* To-Do List-Prefix.pch */,
			);
			name = "Supporting Files";
			sourceTree = "<group>";
		};
		E423F72717F2398D0091DC22 /* To-Do ListTests */ = {
			isa = PBXGroup;
			children = (
				E423F72D17F2398D0091DC22 /* To_Do_ListTests.m */,
				E423F72817F2398D0091DC22 /* Supporting Files */,
			);
			path = "To-Do ListTests";
			sourceTree = "<group>";
		};
		E423F72817F2398D0091DC22 /* Supporting Files */ = {
			isa = PBXGroup;
			children = (
				E423F72917F2398D0091DC22 /* To-Do ListTests-Info.plist */,
				E423F72A17F2398D0091DC22 /* InfoPlist.strings */,
			);
			name = "Supporting Files";
			sourceTree = "<group>";
		};
/* End PBXGroup section */

/* Begin PBXNativeTarget section */
		E423F6FE17F2398C0091DC22 /* To-Do List */ = {
			isa = PBXNativeTarget;
			buildConfigurationList = E423F73117F2398D0091DC22 /* Build configuration list for PBXNativeTarget "To-Do List" */;
			buildPhases = (
				E423F6FB17F2398C0091DC22 /* Sources */,
				E423F6FC17F2398C0091DC22 /* Frameworks */,
				E423F6FD17F2398C0091DC22 /* Resources */,
			);
			buildRules = (
			);
			dependencies = (
			);
			name = "To-Do List";
			productName = "To-Do List";
			productReference = E423F6FF17F2398C0091DC22 /* To-Do List.app */;
			productType = "com.apple.product-type.application";
		};
		E423F71F17F2398D0091DC22 /* To-Do ListTests */ = {
			isa = PBXNativeTarget;
			buildConfigurationList = E423F73417F2398D0091DC22 /* Build configuration list for PBXNativeTarget "To-Do ListTests" */;
			buildPhases = (
				E423F71C17F2398D0091DC22 /* Sources */,
				E423F71D17F2398D0091DC22 /* Frameworks */,
				E423F71E17F2398D0091DC22 /* Resources */,
			);
			buildRules = (
			);
			dependencies = (
				E423F72617F2398D0091DC22 /* PBXTargetDependency */,
			);
			name = "To-Do ListTests";
			productName = "To-Do ListTests";
			productReference = E423F72017F2398D0091DC22 /* To-Do ListTests.xctest */;
			productType = "com.apple.product-type.bundle.unit-test";
		};
/* End PBXNativeTarget section */

/* Begin PBXProject section */
		E423F6F717F2398C0091DC22 /* Project object */ = {
			isa = PBXProject;
			attributes = {
				LastUpgradeCheck = 0500;
				ORGANIZATIONNAME = Jhaybie;
				TargetAttributes = {
					E423F71F17F2398D0091DC22 = {
						TestTargetID = E423F6FE17F2398C0091DC22;
					};
				};
			};
			buildConfigurationList = E423F6FA17F2398C0091DC22 /* Build configuration list for PBXProject "To-Do List" */;
			compatibilityVersion = "Xcode 3.2";
			developmentRegion = English;
			hasScannedForEncodings = 0;
			knownRegions = (
				en,
				Base,
			);
			mainGroup = E423F6F617F2398C0091DC22;
			productRefGroup = E423F70017F2398C0091DC22 /* Products */;
			projectDirPath = "";
			projectRoot = "";
			targets = (
				E423F6FE17F2398C0091DC22 /* To-Do List */,
				E423F71F17F2398D0091DC22 /* To-Do ListTests */,
			);
		};
/* End PBXProject section */

/* Begin PBXResourcesBuildPhase section */
		E423F6FD17F2398C0091DC22 /* Resources */ = {
			isa = PBXResourcesBuildPhase;
			buildActionMask = 2147483647;
			files = (
				E423F71B17F2398D0091DC22 /* Images.xcassets in Resources */,
				E423F70D17F2398C0091DC22 /* InfoPlist.strings in Resources */,
				E423F71617F2398D0091DC22 /* Main.storyboard in Resources */,
			);
			runOnlyForDeploymentPostprocessing = 0;
		};
		E423F71E17F2398D0091DC22 /* Resources */ = {
			isa = PBXResourcesBuildPhase;
			buildActionMask = 2147483647;
			files = (
				E423F72C17F2398D0091DC22 /* InfoPlist.strings in Resources */,
			);
			runOnlyForDeploymentPostprocessing = 0;
		};
/* End PBXResourcesBuildPhase section */

/* Begin PBXSourcesBuildPhase section */
		E423F6FB17F2398C0091DC22 /* Sources */ = {
			isa = PBXSourcesBuildPhase;
			buildActionMask = 2147483647;
			files = (
				E423F71917F2398D0091DC22 /* ViewController.m in Sources */,
				E423F71317F2398C0091DC22 /* AppDelegate.m in Sources */,
				E423F70F17F2398C0091DC22 /* main.m in Sources */,
				E423F73C17F23F370091DC22 /* ToDo.m in Sources */,
			);
			runOnlyForDeploymentPostprocessing = 0;
		};
		E423F71C17F2398D0091DC22 /* Sources */ = {
			isa = PBXSourcesBuildPhase;
			buildActionMask = 2147483647;
			files = (
				E423F72E17F2398D0091DC22 /* To_Do_ListTests.m in Sources */,
			);
			runOnlyForDeploymentPostprocessing = 0;
		};
/* End PBXSourcesBuildPhase section */

/* Begin PBXTargetDependency section */
		E423F72617F2398D0091DC22 /* PBXTargetDependency */ = {
			isa = PBXTargetDependency;
			target = E423F6FE17F2398C0091DC22 /* To-Do List */;
			targetProxy = E423F72517F2398D0091DC22 /* PBXContainerItemProxy */;
		};
/* End PBXTargetDependency section */

/* Begin PBXVariantGroup section */
		E423F70B17F2398C0091DC22 /* InfoPlist.strings */ = {
			isa = PBXVariantGroup;
			children = (
				E423F70C17F2398C0091DC22 /* en */,
			);
			name = InfoPlist.strings;
			sourceTree = "<group>";
		};
		E423F71417F2398D0091DC22 /* Main.storyboard */ = {
			isa = PBXVariantGroup;
			children = (
				E423F71517F2398D0091DC22 /* Base */,
			);
			name = Main.storyboard;
			sourceTree = "<group>";
		};
		E423F72A17F2398D0091DC22 /* InfoPlist.strings */ = {
			isa = PBXVariantGroup;
			children = (
				E423F72B17F2398D0091DC22 /* en */,
			);
			name = InfoPlist.strings;
			sourceTree = "<group>";
		};
/* End PBXVariantGroup section */

/* Begin XCBuildConfiguration section */
		E423F72F17F2398D0091DC22 /* Debug */ = {
			isa = XCBuildConfiguration;
			buildSettings = {
				ALWAYS_SEARCH_USER_PATHS = NO;
				ARCHS = "$(ARCHS_STANDARD_INCLUDING_64_BIT)";
				CLANG_CXX_LANGUAGE_STANDARD = "gnu++0x";
				CLANG_CXX_LIBRARY = "libc++";
				CLANG_ENABLE_MODULES = YES;
				CLANG_ENABLE_OBJC_ARC = YES;
				CLANG_WARN_BOOL_CONVERSION = YES;
				CLANG_WARN_CONSTANT_CONVERSION = YES;
				CLANG_WARN_DIRECT_OBJC_ISA_USAGE = YES_ERROR;
				CLANG_WARN_EMPTY_BODY = YES;
				CLANG_WARN_ENUM_CONVERSION = YES;
				CLANG_WARN_INT_CONVERSION = YES;
				CLANG_WARN_OBJC_ROOT_CLASS = YES_ERROR;
				CLANG_WARN__DUPLICATE_METHOD_MATCH = YES;
				"CODE_SIGN_IDENTITY[sdk=iphoneos*]" = "iPhone Developer";
				COPY_PHASE_STRIP = NO;
				GCC_C_LANGUAGE_STANDARD = gnu99;
				GCC_DYNAMIC_NO_PIC = NO;
				GCC_OPTIMIZATION_LEVEL = 0;
				GCC_PREPROCESSOR_DEFINITIONS = (
					"DEBUG=1",
					"$(inherited)",
				);
				GCC_SYMBOLS_PRIVATE_EXTERN = NO;
				GCC_WARN_64_TO_32_BIT_CONVERSION = YES;
				GCC_WARN_ABOUT_RETURN_TYPE = YES_ERROR;
				GCC_WARN_UNDECLARED_SELECTOR = YES;
				GCC_WARN_UNINITIALIZED_AUTOS = YES;
				GCC_WARN_UNUSED_FUNCTION = YES;
				GCC_WARN_UNUSED_VARIABLE = YES;
				IPHONEOS_DEPLOYMENT_TARGET = 7.0;
				ONLY_ACTIVE_ARCH = YES;
				SDKROOT = iphoneos;
			};
			name = Debug;
		};
		E423F73017F2398D0091DC22 /* Release */ = {
			isa = XCBuildConfiguration;
			buildSettings = {
				ALWAYS_SEARCH_USER_PATHS = NO;
				ARCHS = "$(ARCHS_STANDARD_INCLUDING_64_BIT)";
				CLANG_CXX_LANGUAGE_STANDARD = "gnu++0x";
				CLANG_CXX_LIBRARY = "libc++";
				CLANG_ENABLE_MODULES = YES;
				CLANG_ENABLE_OBJC_ARC = YES;
				CLANG_WARN_BOOL_CONVERSION = YES;
				CLANG_WARN_CONSTANT_CONVERSION = YES;
				CLANG_WARN_DIRECT_OBJC_ISA_USAGE = YES_ERROR;
				CLANG_WARN_EMPTY_BODY = YES;
				CLANG_WARN_ENUM_CONVERSION = YES;
				CLANG_WARN_INT_CONVERSION = YES;
				CLANG_WARN_OBJC_ROOT_CLASS = YES_ERROR;
				CLANG_WARN__DUPLICATE_METHOD_MATCH = YES;
				"CODE_SIGN_IDENTITY[sdk=iphoneos*]" = "iPhone Developer";
				COPY_PHASE_STRIP = YES;
				ENABLE_NS_ASSERTIONS = NO;
				GCC_C_LANGUAGE_STANDARD = gnu99;
				GCC_WARN_64_TO_32_BIT_CONVERSION = YES;
				GCC_WARN_ABOUT_RETURN_TYPE = YES_ERROR;
				GCC_WARN_UNDECLARED_SELECTOR = YES;
				GCC_WARN_UNINITIALIZED_AUTOS = YES;
				GCC_WARN_UNUSED_FUNCTION = YES;
				GCC_WARN_UNUSED_VARIABLE = YES;
				IPHONEOS_DEPLOYMENT_TARGET = 7.0;
				SDKROOT = iphoneos;
				VALIDATE_PRODUCT = YES;
			};
			name = Release;
		};
		E423F73217F2398D0091DC22 /* Debug */ = {
			isa = XCBuildConfiguration;
			buildSettings = {
				ASSETCATALOG_COMPILER_APPICON_NAME = AppIcon;
				ASSETCATALOG_COMPILER_LAUNCHIMAGE_NAME = LaunchImage;
				GCC_PRECOMPILE_PREFIX_HEADER = YES;
				GCC_PREFIX_HEADER = "To-Do List/To-Do List-Prefix.pch";
				INFOPLIST_FILE = "To-Do List/To-Do List-Info.plist";
				PRODUCT_NAME = "$(TARGET_NAME)";
				WRAPPER_EXTENSION = app;
			};
			name = Debug;
		};
		E423F73317F2398D0091DC22 /* Release */ = {
			isa = XCBuildConfiguration;
			buildSettings = {
				ASSETCATALOG_COMPILER_APPICON_NAME = AppIcon;
				ASSETCATALOG_COMPILER_LAUNCHIMAGE_NAME = LaunchImage;
				GCC_PRECOMPILE_PREFIX_HEADER = YES;
				GCC_PREFIX_HEADER = "To-Do List/To-Do List-Prefix.pch";
				INFOPLIST_FILE = "To-Do List/To-Do List-Info.plist";
				PRODUCT_NAME = "$(TARGET_NAME)";
				WRAPPER_EXTENSION = app;
			};
			name = Release;
		};
		E423F73517F2398D0091DC22 /* Debug */ = {
			isa = XCBuildConfiguration;
			buildSettings = {
				ARCHS = "$(ARCHS_STANDARD_INCLUDING_64_BIT)";
				BUNDLE_LOADER = "$(BUILT_PRODUCTS_DIR)/To-Do List.app/To-Do List";
				FRAMEWORK_SEARCH_PATHS = (
					"$(SDKROOT)/Developer/Library/Frameworks",
					"$(inherited)",
					"$(DEVELOPER_FRAMEWORKS_DIR)",
				);
				GCC_PRECOMPILE_PREFIX_HEADER = YES;
				GCC_PREFIX_HEADER = "To-Do List/To-Do List-Prefix.pch";
				GCC_PREPROCESSOR_DEFINITIONS = (
					"DEBUG=1",
					"$(inherited)",
				);
				INFOPLIST_FILE = "To-Do ListTests/To-Do ListTests-Info.plist";
				PRODUCT_NAME = "$(TARGET_NAME)";
				TEST_HOST = "$(BUNDLE_LOADER)";
				WRAPPER_EXTENSION = xctest;
			};
			name = Debug;
		};
		E423F73617F2398D0091DC22 /* Release */ = {
			isa = XCBuildConfiguration;
			buildSettings = {
				ARCHS = "$(ARCHS_STANDARD_INCLUDING_64_BIT)";
				BUNDLE_LOADER = "$(BUILT_PRODUCTS_DIR)/To-Do List.app/To-Do List";
				FRAMEWORK_SEARCH_PATHS = (
					"$(SDKROOT)/Developer/Library/Frameworks",
					"$(inherited)",
					"$(DEVELOPER_FRAMEWORKS_DIR)",
				);
				GCC_PRECOMPILE_PREFIX_HEADER = YES;
				GCC_PREFIX_HEADER = "To-Do List/To-Do List-Prefix.pch";
				INFOPLIST_FILE = "To-Do ListTests/To-Do ListTests-Info.plist";
				PRODUCT_NAME = "$(TARGET_NAME)";
				TEST_HOST = "$(BUNDLE_LOADER)";
				WRAPPER_EXTENSION = xctest;
			};
			name = Release;
		};
/* End XCBuildConfiguration section */

/* Begin XCConfigurationList section */
		E423F6FA17F2398C0091DC22 /* Build configuration list for PBXProject "To-Do List" */ = {
			isa = XCConfigurationList;
			buildConfigurations = (
				E423F72F17F2398D0091DC22 /* Debug */,
				E423F73017F2398D0091DC22 /* Release */,
			);
			defaultConfigurationIsVisible = 0;
			defaultConfigurationName = Release;
		};
		E423F73117F2398D0091DC22 /* Build configuration list for PBXNativeTarget "To-Do List" */ = {
			isa = XCConfigurationList;
			buildConfigurations = (
				E423F73217F2398D0091DC22 /* Debug */,
				E423F73317F2398D0091DC22 /* Release */,
			);
			defaultConfigurationIsVisible = 0;
		};
		E423F73417F2398D0091DC22 /* Build configuration list for PBXNativeTarget "To-Do ListTests" */ = {
			isa = XCConfigurationList;
			buildConfigurations = (
				E423F73517F2398D0091DC22 /* Debug */,
				E423F73617F2398D0091DC22 /* Release */,
			);
			defaultConfigurationIsVisible = 0;
		};
/* End XCConfigurationList section */
	};
	rootObject = E423F6F717F2398C0091DC22 /* Project object */;
}
